
Microsoft Visual Studio Solution File, Format Version 12.00
# Visual Studio 15
VisualStudioVersion = 15.0.28307.1022
MinimumVisualStudioVersion = 10.0.40219.1
Project("{888888A0-9F3D-457C-B088-3A5042F75D52}") = "二进制", "PythonApplication1\二进制.pyproj", "{98F79CD9-54FC-445C-9072-85972A291217}"
EndProject
Global
	GlobalSection(SolutionConfigurationPlatforms) = preSolution
		Debug|Any CPU = Debug|Any CPU
		Release|Any CPU = Release|Any CPU
	EndGlobalSection
	GlobalSection(ProjectConfigurationPlatforms) = postSolution
		{98F79CD9-54FC-445C-9072-85972A291217}.Debug|Any CPU.ActiveCfg = Debug|Any CPU
		{98F79CD9-54FC-445C-9072-85972A291217}.Release|Any CPU.ActiveCfg = Release|Any CPU
	EndGlobalSection
	GlobalSection(SolutionProperties) = preSolution
		HideSolutionNode = FALSE
	EndGlobalSection
	GlobalSection(ExtensibilityGlobals) = postSolution
		SolutionGuid = {A9B66A19-DF9F-4DD2-9FBF-AC68C43CE770}
	EndGlobalSection
EndGlobal
