
Microsoft Visual Studio Solution File, Format Version 12.00
# Visual Studio 15
VisualStudioVersion = 15.0.28307.1022
MinimumVisualStudioVersion = 10.0.40219.1
Project("{888888A0-9F3D-457C-B088-3A5042F75D52}") = "转二维码", "转二维码\转二维码.pyproj", "{D07055D8-3F72-4546-B06B-6A12D79696B1}"
EndProject
Global
	GlobalSection(SolutionConfigurationPlatforms) = preSolution
		Debug|Any CPU = Debug|Any CPU
		Release|Any CPU = Release|Any CPU
	EndGlobalSection
	GlobalSection(ProjectConfigurationPlatforms) = postSolution
		{D07055D8-3F72-4546-B06B-6A12D79696B1}.Debug|Any CPU.ActiveCfg = Debug|Any CPU
		{D07055D8-3F72-4546-B06B-6A12D79696B1}.Release|Any CPU.ActiveCfg = Release|Any CPU
	EndGlobalSection
	GlobalSection(SolutionProperties) = preSolution
		HideSolutionNode = FALSE
	EndGlobalSection
	GlobalSection(ExtensibilityGlobals) = postSolution
		SolutionGuid = {3A5B4BED-FC7D-4A91-A510-4D00FABFAFAF}
	EndGlobalSection
EndGlobal
